{
  "name": "cms",
  "version": "1.0.0",
  "lockfileVersion": 3,
  "requires": true,
  "packages": {
    "": {
      "name": "cms",
      "version": "1.0.0",
      "license": "MIT",
      "dependencies": {
        "total5": "0.0.18"
      }
    },
    "node_modules/total5": {
      "version": "0.0.18",
      "resolved": "https://registry.npmjs.org/total5/-/total5-0.0.18.tgz",
      "integrity": "sha512-SfBmYcEBDaMOtc6l2Sqcwb/Akr7UtxZx1J5UeAxHUmA2dVzJrH3VwL0iWFsnRACZ+RW488sbD5hHf8Edbxly0g==",
      "license": "MIT",
      "bin": {
        "flow5": "bin/flow5",
        "total5": "bin/total5"
      }
    }
  }
}
